
Microsoft Visual Studio Solution File, Format Version 12.00
# Visual Studio Version 17
VisualStudioVersion = 17.10.35122.118
MinimumVisualStudioVersion = 10.0.40219.1
Project("{FAE04EC0-301F-11D3-BF4B-00C04F79EFBC}") = "TestePraticoMvc", "src\TestePraticoMvc\TestePraticoMvc.csproj", "{A723AD91-DEF5-4961-99F7-C4269C85BF55}"
EndProject
Global
	GlobalSection(SolutionConfigurationPlatforms) = preSolution
		Debug|Any CPU = Debug|Any CPU
		Release|Any CPU = Release|Any CPU
	EndGlobalSection
	GlobalSection(ProjectConfigurationPlatforms) = postSolution
		{A723AD91-DEF5-4961-99F7-C4269C85BF55}.Debug|Any CPU.ActiveCfg = Debug|Any CPU
		{A723AD91-DEF5-4961-99F7-C4269C85BF55}.Debug|Any CPU.Build.0 = Debug|Any CPU
		{A723AD91-DEF5-4961-99F7-C4269C85BF55}.Release|Any CPU.ActiveCfg = Release|Any CPU
		{A723AD91-DEF5-4961-99F7-C4269C85BF55}.Release|Any CPU.Build.0 = Release|Any CPU
	EndGlobalSection
	GlobalSection(SolutionProperties) = preSolution
		HideSolutionNode = FALSE
	EndGlobalSection
	GlobalSection(ExtensibilityGlobals) = postSolution
		SolutionGuid = {B15351EC-DC4C-4CD9-8757-22E0B8B86675}
	EndGlobalSection
EndGlobal
